
Microsoft Visual Studio Solution File, Format Version 12.00
# Visual Studio Version 17
VisualStudioVersion = 17.13.35828.75 d17.13
MinimumVisualStudioVersion = 10.0.40219.1
Project("{FAE04EC0-301F-11D3-BF4B-00C04F79EFBC}") = "StructProject", "StructProject\StructProject.csproj", "{D86B370E-492E-409E-8189-875B7358791E}"
EndProject
Global
	GlobalSection(SolutionConfigurationPlatforms) = preSolution
		Debug|Any CPU = Debug|Any CPU
		Release|Any CPU = Release|Any CPU
	EndGlobalSection
	GlobalSection(ProjectConfigurationPlatforms) = postSolution
		{D86B370E-492E-409E-8189-875B7358791E}.Debug|Any CPU.ActiveCfg = Debug|Any CPU
		{D86B370E-492E-409E-8189-875B7358791E}.Debug|Any CPU.Build.0 = Debug|Any CPU
		{D86B370E-492E-409E-8189-875B7358791E}.Release|Any CPU.ActiveCfg = Release|Any CPU
		{D86B370E-492E-409E-8189-875B7358791E}.Release|Any CPU.Build.0 = Release|Any CPU
	EndGlobalSection
	GlobalSection(SolutionProperties) = preSolution
		HideSolutionNode = FALSE
	EndGlobalSection
	GlobalSection(ExtensibilityGlobals) = postSolution
		SolutionGuid = {8848B285-343D-4E45-B385-739BE2EF8E82}
	EndGlobalSection
EndGlobal
